
Microsoft Visual Studio Solution File, Format Version 12.00
# Visual Studio 15
VisualStudioVersion = 15.0.27703.2026
MinimumVisualStudioVersion = 10.0.40219.1
Project("{FAE04EC0-301F-11D3-BF4B-00C04F79EFBC}") = "IsUnique", "IsUnique\IsUnique.csproj", "{95DC7917-D2ED-48DE-9A79-EAC4E864AA7C}"
EndProject
Global
	GlobalSection(SolutionConfigurationPlatforms) = preSolution
		Debug|Any CPU = Debug|Any CPU
		Release|Any CPU = Release|Any CPU
	EndGlobalSection
	GlobalSection(ProjectConfigurationPlatforms) = postSolution
		{95DC7917-D2ED-48DE-9A79-EAC4E864AA7C}.Debug|Any CPU.ActiveCfg = Debug|Any CPU
		{95DC7917-D2ED-48DE-9A79-EAC4E864AA7C}.Debug|Any CPU.Build.0 = Debug|Any CPU
		{95DC7917-D2ED-48DE-9A79-EAC4E864AA7C}.Release|Any CPU.ActiveCfg = Release|Any CPU
		{95DC7917-D2ED-48DE-9A79-EAC4E864AA7C}.Release|Any CPU.Build.0 = Release|Any CPU
	EndGlobalSection
	GlobalSection(SolutionProperties) = preSolution
		HideSolutionNode = FALSE
	EndGlobalSection
	GlobalSection(ExtensibilityGlobals) = postSolution
		SolutionGuid = {9E240DF5-6EBB-4F7B-BFDE-0D72BE007864}
	EndGlobalSection
EndGlobal
